
Microsoft Visual Studio Solution File, Format Version 12.00
# Visual Studio 15
VisualStudioVersion = 15.0.28307.329
MinimumVisualStudioVersion = 10.0.40219.1
Project("{FAE04EC0-301F-11D3-BF4B-00C04F79EFBC}") = "Cals from Fat and Carbs Project", "Cals from Fat and Carbs Project\Cals from Fat and Carbs Project.csproj", "{E80FCC1B-2A86-4AB3-B63F-9EBC1EFEFB56}"
EndProject
Global
	GlobalSection(SolutionConfigurationPlatforms) = preSolution
		Debug|Any CPU = Debug|Any CPU
		Release|Any CPU = Release|Any CPU
	EndGlobalSection
	GlobalSection(ProjectConfigurationPlatforms) = postSolution
		{E80FCC1B-2A86-4AB3-B63F-9EBC1EFEFB56}.Debug|Any CPU.ActiveCfg = Debug|Any CPU
		{E80FCC1B-2A86-4AB3-B63F-9EBC1EFEFB56}.Debug|Any CPU.Build.0 = Debug|Any CPU
		{E80FCC1B-2A86-4AB3-B63F-9EBC1EFEFB56}.Release|Any CPU.ActiveCfg = Release|Any CPU
		{E80FCC1B-2A86-4AB3-B63F-9EBC1EFEFB56}.Release|Any CPU.Build.0 = Release|Any CPU
	EndGlobalSection
	GlobalSection(SolutionProperties) = preSolution
		HideSolutionNode = FALSE
	EndGlobalSection
	GlobalSection(ExtensibilityGlobals) = postSolution
		SolutionGuid = {2DD32A3D-2A9D-4F20-A9F3-EE4E20D7CA42}
	EndGlobalSection
EndGlobal
