
Microsoft Visual Studio Solution File, Format Version 12.00
# Visual Studio 15
VisualStudioVersion = 15.0.28307.438
MinimumVisualStudioVersion = 10.0.40219.1
Project("{FAE04EC0-301F-11D3-BF4B-00C04F79EFBC}") = "EmailProject", "EmailProject\EmailProject.csproj", "{FE8BAED2-0C5D-4466-9998-DB89BCD240A0}"
EndProject
Global
	GlobalSection(SolutionConfigurationPlatforms) = preSolution
		Debug|Any CPU = Debug|Any CPU
		Release|Any CPU = Release|Any CPU
	EndGlobalSection
	GlobalSection(ProjectConfigurationPlatforms) = postSolution
		{FE8BAED2-0C5D-4466-9998-DB89BCD240A0}.Debug|Any CPU.ActiveCfg = Debug|Any CPU
		{FE8BAED2-0C5D-4466-9998-DB89BCD240A0}.Debug|Any CPU.Build.0 = Debug|Any CPU
		{FE8BAED2-0C5D-4466-9998-DB89BCD240A0}.Release|Any CPU.ActiveCfg = Release|Any CPU
		{FE8BAED2-0C5D-4466-9998-DB89BCD240A0}.Release|Any CPU.Build.0 = Release|Any CPU
	EndGlobalSection
	GlobalSection(SolutionProperties) = preSolution
		HideSolutionNode = FALSE
	EndGlobalSection
	GlobalSection(ExtensibilityGlobals) = postSolution
		SolutionGuid = {90E1D81B-A159-4AA3-B9FE-037CDA734B38}
	EndGlobalSection
EndGlobal
