
Microsoft Visual Studio Solution File, Format Version 12.00
# Visual Studio 15
VisualStudioVersion = 15.0.28307.329
MinimumVisualStudioVersion = 10.0.40219.1
Project("{FAE04EC0-301F-11D3-BF4B-00C04F79EFBC}") = "Distance Calculator Project", "Distance Calculator Project\Distance Calculator Project.csproj", "{ED5DD609-AED0-4F9F-B9F1-1C9249DF91E0}"
EndProject
Global
	GlobalSection(SolutionConfigurationPlatforms) = preSolution
		Debug|Any CPU = Debug|Any CPU
		Release|Any CPU = Release|Any CPU
	EndGlobalSection
	GlobalSection(ProjectConfigurationPlatforms) = postSolution
		{ED5DD609-AED0-4F9F-B9F1-1C9249DF91E0}.Debug|Any CPU.ActiveCfg = Debug|Any CPU
		{ED5DD609-AED0-4F9F-B9F1-1C9249DF91E0}.Debug|Any CPU.Build.0 = Debug|Any CPU
		{ED5DD609-AED0-4F9F-B9F1-1C9249DF91E0}.Release|Any CPU.ActiveCfg = Release|Any CPU
		{ED5DD609-AED0-4F9F-B9F1-1C9249DF91E0}.Release|Any CPU.Build.0 = Release|Any CPU
	EndGlobalSection
	GlobalSection(SolutionProperties) = preSolution
		HideSolutionNode = FALSE
	EndGlobalSection
	GlobalSection(ExtensibilityGlobals) = postSolution
		SolutionGuid = {B9B603B1-4D64-457B-8C1B-1DB4557483CE}
	EndGlobalSection
EndGlobal
